[[tools.markdownlint-cli2]]
version = "0.18.1"
backend = "npm:markdownlint-cli2"

[[tools.node]]
version = "22.21.0"
backend = "core:node"

[tools.node.platforms.linux-x64]
checksum = "sha256:262b84b02f7e2bc017d4bdb81fec85ca0d6190a5cd0781d2d6e84317c08871f8"
size = 56658152
url = "https://nodejs.org/dist/v22.21.0/node-v22.21.0-linux-x64.tar.gz"

[[tools.pnpm]]
version = "10.19.0"
backend = "aqua:pnpm/pnpm"

[tools.pnpm.platforms.linux-x64]
checksum = "sha256:3685d25c7160ad65f00e26aa14f0a28667c3c5facdd8ad3fb5cb9651c8c2ca46"
size = 65887453
url = "https://github.com/pnpm/pnpm/releases/download/v10.19.0/pnpm-linux-x64"

[[tools.pre-commit]]
version = "4.3.0"
backend = "aqua:pre-commit/pre-commit"

[tools.pre-commit.platforms.linux-x64]
checksum = "sha256:f1d50b97e9ca9167aceb76c14e90b07cde8b6789bc199d5005cfd817a718878c"
size = 8268268
url = "https://github.com/pre-commit/pre-commit/releases/download/v4.3.0/pre-commit-4.3.0.pyz"

[[tools.prettier]]
version = "3.6.2"
backend = "npm:prettier"

[[tools.python]]
version = "3.13.9"
backend = "core:python"
