# @generated - this file is auto-generated by `mise lock` https://mise.jdx.dev/dev-tools/mise-lock.html

[[tools.markdownlint-cli2]]
version = "0.18.1"
backend = "npm:markdownlint-cli2"

[[tools.node]]
version = "24.14.1"
backend = "core:node"

[[tools.pnpm]]
version = "10.19.0"
backend = "aqua:pnpm/pnpm"

[tools.pnpm."platforms.linux-x64"]
checksum = "sha256:3685d25c7160ad65f00e26aa14f0a28667c3c5facdd8ad3fb5cb9651c8c2ca46"
url = "https://github.com/pnpm/pnpm/releases/download/v10.19.0/pnpm-linux-x64"

[[tools.pre-commit]]
version = "4.3.0"
backend = "aqua:pre-commit/pre-commit"

[tools.pre-commit."platforms.linux-arm64"]
checksum = "sha256:f1d50b97e9ca9167aceb76c14e90b07cde8b6789bc199d5005cfd817a718878c"
url = "https://github.com/pre-commit/pre-commit/releases/download/v4.3.0/pre-commit-4.3.0.pyz"

[tools.pre-commit."platforms.linux-arm64-musl"]
checksum = "sha256:f1d50b97e9ca9167aceb76c14e90b07cde8b6789bc199d5005cfd817a718878c"
url = "https://github.com/pre-commit/pre-commit/releases/download/v4.3.0/pre-commit-4.3.0.pyz"

[tools.pre-commit."platforms.linux-x64"]
checksum = "sha256:f1d50b97e9ca9167aceb76c14e90b07cde8b6789bc199d5005cfd817a718878c"
url = "https://github.com/pre-commit/pre-commit/releases/download/v4.3.0/pre-commit-4.3.0.pyz"

[tools.pre-commit."platforms.linux-x64-musl"]
checksum = "sha256:f1d50b97e9ca9167aceb76c14e90b07cde8b6789bc199d5005cfd817a718878c"
url = "https://github.com/pre-commit/pre-commit/releases/download/v4.3.0/pre-commit-4.3.0.pyz"

[tools.pre-commit."platforms.macos-arm64"]
checksum = "sha256:f1d50b97e9ca9167aceb76c14e90b07cde8b6789bc199d5005cfd817a718878c"
url = "https://github.com/pre-commit/pre-commit/releases/download/v4.3.0/pre-commit-4.3.0.pyz"

[tools.pre-commit."platforms.macos-x64"]
checksum = "sha256:f1d50b97e9ca9167aceb76c14e90b07cde8b6789bc199d5005cfd817a718878c"
url = "https://github.com/pre-commit/pre-commit/releases/download/v4.3.0/pre-commit-4.3.0.pyz"

[[tools.prettier]]
version = "3.6.2"
backend = "npm:prettier"

[[tools.python]]
version = "3.13.9"
backend = "core:python"

[tools.python."platforms.linux-arm64"]
checksum = "sha256:fdc5d80488b64fcef3b99f297618f68e5374c13d89e888a66abeff4967afd308"
url = "https://github.com/astral-sh/python-build-standalone/releases/download/20251120/cpython-3.13.9+20251120-aarch64-unknown-linux-gnu-install_only_stripped.tar.gz"

[tools.python."platforms.linux-arm64-musl"]
checksum = "sha256:fdc5d80488b64fcef3b99f297618f68e5374c13d89e888a66abeff4967afd308"
url = "https://github.com/astral-sh/python-build-standalone/releases/download/20251120/cpython-3.13.9+20251120-aarch64-unknown-linux-gnu-install_only_stripped.tar.gz"

[tools.python."platforms.linux-x64"]
checksum = "blake3:0fcfce38557a7164d0d0866f161266de35d995d3e63b01f5b8bbbc21a9f370c8"
url = "https://github.com/astral-sh/python-build-standalone/releases/download/20251120/cpython-3.13.9+20251120-x86_64-unknown-linux-gnu-install_only_stripped.tar.gz"

[tools.python."platforms.linux-x64-musl"]
checksum = "sha256:1bc9a94ab2425fb6ae58e45f69cab61647759b57895649701390822d976fa923"
url = "https://github.com/astral-sh/python-build-standalone/releases/download/20251120/cpython-3.13.9+20251120-x86_64-unknown-linux-gnu-install_only_stripped.tar.gz"

[tools.python."platforms.macos-arm64"]
checksum = "sha256:29d38bd5fbe267b37cecac990015c662796edcf51c2f5e321d59ec06a1850816"
url = "https://github.com/astral-sh/python-build-standalone/releases/download/20251120/cpython-3.13.9+20251120-aarch64-apple-darwin-install_only_stripped.tar.gz"

[tools.python."platforms.macos-x64"]
checksum = "sha256:9da51afb00480a8ccd4909bd302c80d9c104d633c5e865cf37dd5e587185e125"
url = "https://github.com/astral-sh/python-build-standalone/releases/download/20251120/cpython-3.13.9+20251120-x86_64-apple-darwin-install_only_stripped.tar.gz"

[tools.python."platforms.windows-x64"]
checksum = "sha256:f4c22b31ddbf8d7824cbcba2d8707621c2c8fab1fb6d2c1810c2bb0304d8e9a8"
url = "https://github.com/astral-sh/python-build-standalone/releases/download/20251120/cpython-3.13.9+20251120-x86_64-pc-windows-msvc-install_only_stripped.tar.gz"
