[[tools.markdownlint-cli2]]
version = "0.18.1"
backend = "npm:markdownlint-cli2"

[[tools.node]]
version = "22.20.0"
backend = "core:node"

[tools.node.platforms.linux-x64]
checksum = "sha256:eeaccb0378b79406f2208e8b37a62479c70595e20be6b659125eb77dd1ab2a29"
size = 56645685
url = "https://nodejs.org/dist/v22.20.0/node-v22.20.0-linux-x64.tar.gz"

[[tools.pnpm]]
version = "10.13.1"
backend = "aqua:pnpm/pnpm"

[tools.pnpm.platforms.linux-x64]
checksum = "blake3:e0daa8ad976eec482bc7f82f53854fffe478aa2320acbab78e6715123b022676"
size = 66202541
url = "https://github.com/pnpm/pnpm/releases/download/v10.13.1/pnpm-linux-x64"

[[tools.pre-commit]]
version = "4.2.0"
backend = "aqua:pre-commit/pre-commit"

[tools.pre-commit.platforms.linux-x64]
checksum = "sha256:0d4d80fd598dd1f7c268569de49e7c7a692a3de6f7a97cf14ad4e6cce993bbdf"
size = 6544274
url = "https://github.com/pre-commit/pre-commit/releases/download/v4.2.0/pre-commit-4.2.0.pyz"

[[tools.prettier]]
version = "3.6.2"
backend = "npm:prettier"

[[tools.python]]
version = "3.13.6"
backend = "core:python"
